// !$*UTF8*$!
{
	archiveVersion = 1;
	classes = {
	};
	objectVersion = 46;
	objects = {

/* Begin PBXBuildFile section */
		E10E51FB177257AE0025DBFD /* Cocoa.framework in Frameworks */ = {isa = PBXBuildFile; fileRef = E10E51FA177257AE0025DBFD /* Cocoa.framework */; };
		E10E5205177257AE0025DBFD /* InfoPlist.strings in Resources */ = {isa = PBXBuildFile; fileRef = E10E5203177257AE0025DBFD /* InfoPlist.strings */; };
		E10E5207177257AE0025DBFD /* main.m in Sources */ = {isa = PBXBuildFile; fileRef = E10E5206177257AE0025DBFD /* main.m */; };
		E10E520E177257AE0025DBFD /* YGARDAppDelegate.m in Sources */ = {isa = PBXBuildFile; fileRef = E10E520D177257AE0025DBFD /* YGARDAppDelegate.m */; };
		E10E5211177257AE0025DBFD /* MainMenu.xib in Resources */ = {isa = PBXBuildFile; fileRef = E10E520F177257AE0025DBFD /* MainMenu.xib */; };
		E10E521C177258920025DBFD /* YGARDPreferencesDecoder.m in Sources */ = {isa = PBXBuildFile; fileRef = E10E521B177258920025DBFD /* YGARDPreferencesDecoder.m */; };
		E1696A9A17802A4F009700E8 /* Sparkle.framework in Frameworks */ = {isa = PBXBuildFile; fileRef = E1696A9917802A4F009700E8 /* Sparkle.framework */; };
		E1696A9C17802A70009700E8 /* Sparkle.framework in Copy Frameworks */ = {isa = PBXBuildFile; fileRef = E1696A9917802A4F009700E8 /* Sparkle.framework */; };
		E1696A9E17802B87009700E8 /* dsa_pub.pem in Resources */ = {isa = PBXBuildFile; fileRef = E1696A9D17802B87009700E8 /* dsa_pub.pem */; };
		E1988672178060F000A80D56 /* Credits.rtfd in Resources */ = {isa = PBXBuildFile; fileRef = E1988671178060F000A80D56 /* Credits.rtfd */; };
		E1BAB96D17802938001BBA4E /* Security.framework in Frameworks */ = {isa = PBXBuildFile; fileRef = E1BAB96C17802938001BBA4E /* Security.framework */; };
		E1D5E5291772DCC30011E79A /* list-32.png in Resources */ = {isa = PBXBuildFile; fileRef = E1D5E5281772DCC30011E79A /* list-32.png */; };
		E1F0753E181050F3008C9F28 /* YG-Label-Logo.png in Resources */ = {isa = PBXBuildFile; fileRef = E1F0753D181050F3008C9F28 /* YG-Label-Logo.png */; };
		E1F0754018105350008C9F28 /* btn_donate.png in Resources */ = {isa = PBXBuildFile; fileRef = E1F0753F18105350008C9F28 /* btn_donate.png */; };
/* End PBXBuildFile section */

/* Begin PBXCopyFilesBuildPhase section */
		E1696A9B17802A65009700E8 /* Copy Frameworks */ = {
			isa = PBXCopyFilesBuildPhase;
			buildActionMask = 2147483647;
			dstPath = "";
			dstSubfolderSpec = 10;
			files = (
				E1696A9C17802A70009700E8 /* Sparkle.framework in Copy Frameworks */,
			);
			name = "Copy Frameworks";
			runOnlyForDeploymentPostprocessing = 0;
		};
/* End PBXCopyFilesBuildPhase section */

/* Begin PBXFileReference section */
		E10E51F7177257AE0025DBFD /* ARD Inspector.app */ = {isa = PBXFileReference; explicitFileType = wrapper.application; includeInIndex = 0; path = "ARD Inspector.app"; sourceTree = BUILT_PRODUCTS_DIR; };
		E10E51FA177257AE0025DBFD /* Cocoa.framework */ = {isa = PBXFileReference; lastKnownFileType = wrapper.framework; name = Cocoa.framework; path = System/Library/Frameworks/Cocoa.framework; sourceTree = SDKROOT; };
		E10E51FD177257AE0025DBFD /* AppKit.framework */ = {isa = PBXFileReference; lastKnownFileType = wrapper.framework; name = AppKit.framework; path = System/Library/Frameworks/AppKit.framework; sourceTree = SDKROOT; };
		E10E51FE177257AE0025DBFD /* CoreData.framework */ = {isa = PBXFileReference; lastKnownFileType = wrapper.framework; name = CoreData.framework; path = System/Library/Frameworks/CoreData.framework; sourceTree = SDKROOT; };
		E10E51FF177257AE0025DBFD /* Foundation.framework */ = {isa = PBXFileReference; lastKnownFileType = wrapper.framework; name = Foundation.framework; path = System/Library/Frameworks/Foundation.framework; sourceTree = SDKROOT; };
		E10E5202177257AE0025DBFD /* ARD Inspector-Info.plist */ = {isa = PBXFileReference; lastKnownFileType = text.plist.xml; path = "ARD Inspector-Info.plist"; sourceTree = "<group>"; };
		E10E5204177257AE0025DBFD /* en */ = {isa = PBXFileReference; lastKnownFileType = text.plist.strings; name = en; path = en.lproj/InfoPlist.strings; sourceTree = "<group>"; };
		E10E5206177257AE0025DBFD /* main.m */ = {isa = PBXFileReference; lastKnownFileType = sourcecode.c.objc; path = main.m; sourceTree = "<group>"; };
		E10E5208177257AE0025DBFD /* ARD Inspector-Prefix.pch */ = {isa = PBXFileReference; lastKnownFileType = sourcecode.c.h; path = "ARD Inspector-Prefix.pch"; sourceTree = "<group>"; };
		E10E520C177257AE0025DBFD /* YGARDAppDelegate.h */ = {isa = PBXFileReference; lastKnownFileType = sourcecode.c.h; path = YGARDAppDelegate.h; sourceTree = "<group>"; };
		E10E520D177257AE0025DBFD /* YGARDAppDelegate.m */ = {isa = PBXFileReference; lastKnownFileType = sourcecode.c.objc; path = YGARDAppDelegate.m; sourceTree = "<group>"; };
		E10E5210177257AE0025DBFD /* en */ = {isa = PBXFileReference; lastKnownFileType = file.xib; name = en; path = en.lproj/MainMenu.xib; sourceTree = "<group>"; };
		E10E521A177258920025DBFD /* YGARDPreferencesDecoder.h */ = {isa = PBXFileReference; fileEncoding = 4; lastKnownFileType = sourcecode.c.h; path = YGARDPreferencesDecoder.h; sourceTree = "<group>"; };
		E10E521B177258920025DBFD /* YGARDPreferencesDecoder.m */ = {isa = PBXFileReference; fileEncoding = 4; lastKnownFileType = sourcecode.c.objc; path = YGARDPreferencesDecoder.m; sourceTree = "<group>"; };
		E1696A9917802A4F009700E8 /* Sparkle.framework */ = {isa = PBXFileReference; lastKnownFileType = wrapper.framework; path = Sparkle.framework; sourceTree = "<group>"; };
		E1696A9D17802B87009700E8 /* dsa_pub.pem */ = {isa = PBXFileReference; fileEncoding = 4; lastKnownFileType = text; path = dsa_pub.pem; sourceTree = "<group>"; };
		E1988671178060F000A80D56 /* Credits.rtfd */ = {isa = PBXFileReference; lastKnownFileType = wrapper.rtfd; path = Credits.rtfd; sourceTree = "<group>"; };
		E1BAB96C17802938001BBA4E /* Security.framework */ = {isa = PBXFileReference; lastKnownFileType = wrapper.framework; name = Security.framework; path = System/Library/Frameworks/Security.framework; sourceTree = SDKROOT; };
		E1D5E5281772DCC30011E79A /* list-32.png */ = {isa = PBXFileReference; lastKnownFileType = image.png; path = "list-32.png"; sourceTree = "<group>"; };
		E1D8AD6B17725AC600A42763 /* YGARDIConstants.h */ = {isa = PBXFileReference; fileEncoding = 4; lastKnownFileType = sourcecode.c.h; path = YGARDIConstants.h; sourceTree = "<group>"; };
		E1F0753D181050F3008C9F28 /* YG-Label-Logo.png */ = {isa = PBXFileReference; lastKnownFileType = image.png; path = "YG-Label-Logo.png"; sourceTree = "<group>"; };
		E1F0753F18105350008C9F28 /* btn_donate.png */ = {isa = PBXFileReference; lastKnownFileType = image.png; path = btn_donate.png; sourceTree = "<group>"; };
/* End PBXFileReference section */

/* Begin PBXFrameworksBuildPhase section */
		E10E51F4177257AE0025DBFD /* Frameworks */ = {
			isa = PBXFrameworksBuildPhase;
			buildActionMask = 2147483647;
			files = (
				E1BAB96D17802938001BBA4E /* Security.framework in Frameworks */,
				E10E51FB177257AE0025DBFD /* Cocoa.framework in Frameworks */,
				E1696A9A17802A4F009700E8 /* Sparkle.framework in Frameworks */,
			);
			runOnlyForDeploymentPostprocessing = 0;
		};
/* End PBXFrameworksBuildPhase section */

/* Begin PBXGroup section */
		E10E51EE177257AE0025DBFD = {
			isa = PBXGroup;
			children = (
				E10E5200177257AE0025DBFD /* ARD Inspector */,
				E10E51F9177257AE0025DBFD /* Frameworks */,
				E10E51F8177257AE0025DBFD /* Products */,
			);
			sourceTree = "<group>";
		};
		E10E51F8177257AE0025DBFD /* Products */ = {
			isa = PBXGroup;
			children = (
				E10E51F7177257AE0025DBFD /* ARD Inspector.app */,
			);
			name = Products;
			sourceTree = "<group>";
		};
		E10E51F9177257AE0025DBFD /* Frameworks */ = {
			isa = PBXGroup;
			children = (
				E1696A9917802A4F009700E8 /* Sparkle.framework */,
				E1BAB96C17802938001BBA4E /* Security.framework */,
				E10E51FA177257AE0025DBFD /* Cocoa.framework */,
				E10E51FC177257AE0025DBFD /* Other Frameworks */,
			);
			name = Frameworks;
			sourceTree = "<group>";
		};
		E10E51FC177257AE0025DBFD /* Other Frameworks */ = {
			isa = PBXGroup;
			children = (
				E10E51FD177257AE0025DBFD /* AppKit.framework */,
				E10E51FE177257AE0025DBFD /* CoreData.framework */,
				E10E51FF177257AE0025DBFD /* Foundation.framework */,
			);
			name = "Other Frameworks";
			sourceTree = "<group>";
		};
		E10E5200177257AE0025DBFD /* ARD Inspector */ = {
			isa = PBXGroup;
			children = (
				E10E5218177258920025DBFD /* Services */,
				E10E5217177258530025DBFD /* Application */,
				E10E5201177257AE0025DBFD /* Supporting Files */,
			);
			path = "ARD Inspector";
			sourceTree = "<group>";
		};
		E10E5201177257AE0025DBFD /* Supporting Files */ = {
			isa = PBXGroup;
			children = (
				E1F0753D181050F3008C9F28 /* YG-Label-Logo.png */,
				E1D5E5281772DCC30011E79A /* list-32.png */,
				E1F0753F18105350008C9F28 /* btn_donate.png */,
				E1696A9D17802B87009700E8 /* dsa_pub.pem */,
				E1D8AD6B17725AC600A42763 /* YGARDIConstants.h */,
				E10E5202177257AE0025DBFD /* ARD Inspector-Info.plist */,
				E10E5203177257AE0025DBFD /* InfoPlist.strings */,
				E10E5206177257AE0025DBFD /* main.m */,
				E10E5208177257AE0025DBFD /* ARD Inspector-Prefix.pch */,
				E1988671178060F000A80D56 /* Credits.rtfd */,
			);
			path = "Supporting Files";
			sourceTree = "<group>";
		};
		E10E5217177258530025DBFD /* Application */ = {
			isa = PBXGroup;
			children = (
				E10E520C177257AE0025DBFD /* YGARDAppDelegate.h */,
				E10E520D177257AE0025DBFD /* YGARDAppDelegate.m */,
				E10E520F177257AE0025DBFD /* MainMenu.xib */,
			);
			path = Application;
			sourceTree = "<group>";
		};
		E10E5218177258920025DBFD /* Services */ = {
			isa = PBXGroup;
			children = (
				E10E5219177258920025DBFD /* YGARDPreferencesDecoder */,
			);
			path = Services;
			sourceTree = "<group>";
		};
		E10E5219177258920025DBFD /* YGARDPreferencesDecoder */ = {
			isa = PBXGroup;
			children = (
				E10E521A177258920025DBFD /* YGARDPreferencesDecoder.h */,
				E10E521B177258920025DBFD /* YGARDPreferencesDecoder.m */,
			);
			path = YGARDPreferencesDecoder;
			sourceTree = "<group>";
		};
/* End PBXGroup section */

/* Begin PBXNativeTarget section */
		E10E51F6177257AE0025DBFD /* ARD Inspector */ = {
			isa = PBXNativeTarget;
			buildConfigurationList = E10E5214177257AE0025DBFD /* Build configuration list for PBXNativeTarget "ARD Inspector" */;
			buildPhases = (
				E14CCD271774B8A2008D3255 /* GitVersion */,
				E10E51F3177257AE0025DBFD /* Sources */,
				E10E51F4177257AE0025DBFD /* Frameworks */,
				E10E51F5177257AE0025DBFD /* Resources */,
				E1696A9B17802A65009700E8 /* Copy Frameworks */,
			);
			buildRules = (
			);
			dependencies = (
			);
			name = "ARD Inspector";
			productName = "ARD Inspector";
			productReference = E10E51F7177257AE0025DBFD /* ARD Inspector.app */;
			productType = "com.apple.product-type.application";
		};
/* End PBXNativeTarget section */

/* Begin PBXProject section */
		E10E51EF177257AE0025DBFD /* Project object */ = {
			isa = PBXProject;
			attributes = {
				CLASSPREFIX = YGARD;
				LastUpgradeCheck = 0460;
				ORGANIZATIONNAME = "Yoann Gini";
			};
			buildConfigurationList = E10E51F2177257AE0025DBFD /* Build configuration list for PBXProject "ARD Inspector" */;
			compatibilityVersion = "Xcode 3.2";
			developmentRegion = English;
			hasScannedForEncodings = 0;
			knownRegions = (
				en,
				English,
			);
			mainGroup = E10E51EE177257AE0025DBFD;
			productRefGroup = E10E51F8177257AE0025DBFD /* Products */;
			projectDirPath = "";
			projectRoot = "";
			targets = (
				E10E51F6177257AE0025DBFD /* ARD Inspector */,
			);
		};
/* End PBXProject section */

/* Begin PBXResourcesBuildPhase section */
		E10E51F5177257AE0025DBFD /* Resources */ = {
			isa = PBXResourcesBuildPhase;
			buildActionMask = 2147483647;
			files = (
				E10E5205177257AE0025DBFD /* InfoPlist.strings in Resources */,
				E10E5211177257AE0025DBFD /* MainMenu.xib in Resources */,
				E1F0754018105350008C9F28 /* btn_donate.png in Resources */,
				E1D5E5291772DCC30011E79A /* list-32.png in Resources */,
				E1F0753E181050F3008C9F28 /* YG-Label-Logo.png in Resources */,
				E1696A9E17802B87009700E8 /* dsa_pub.pem in Resources */,
				E1988672178060F000A80D56 /* Credits.rtfd in Resources */,
			);
			runOnlyForDeploymentPostprocessing = 0;
		};
/* End PBXResourcesBuildPhase section */

/* Begin PBXShellScriptBuildPhase section */
		E14CCD271774B8A2008D3255 /* GitVersion */ = {
			isa = PBXShellScriptBuildPhase;
			buildActionMask = 2147483647;
			files = (
			);
			inputPaths = (
			);
			name = GitVersion;
			outputPaths = (
			);
			runOnlyForDeploymentPostprocessing = 0;
			shellPath = /bin/sh;
			shellScript = "set -o errexit\nset -o nounset\n\nINFO_PLIST=\"${BUILT_PRODUCTS_DIR}/${WRAPPER_NAME}/Info\"\n\nVERSION=$(git rev-list HEAD | wc -l)\n\n/usr/libexec/PlistBuddy -c \"Set :CFBundleVersion $VERSION\" \"${INFOPLIST_FILE}\"";
		};
/* End PBXShellScriptBuildPhase section */

/* Begin PBXSourcesBuildPhase section */
		E10E51F3177257AE0025DBFD /* Sources */ = {
			isa = PBXSourcesBuildPhase;
			buildActionMask = 2147483647;
			files = (
				E10E5207177257AE0025DBFD /* main.m in Sources */,
				E10E520E177257AE0025DBFD /* YGARDAppDelegate.m in Sources */,
				E10E521C177258920025DBFD /* YGARDPreferencesDecoder.m in Sources */,
			);
			runOnlyForDeploymentPostprocessing = 0;
		};
/* End PBXSourcesBuildPhase section */

/* Begin PBXVariantGroup section */
		E10E5203177257AE0025DBFD /* InfoPlist.strings */ = {
			isa = PBXVariantGroup;
			children = (
				E10E5204177257AE0025DBFD /* en */,
			);
			name = InfoPlist.strings;
			sourceTree = "<group>";
		};
		E10E520F177257AE0025DBFD /* MainMenu.xib */ = {
			isa = PBXVariantGroup;
			children = (
				E10E5210177257AE0025DBFD /* en */,
			);
			name = MainMenu.xib;
			sourceTree = "<group>";
		};
/* End PBXVariantGroup section */

/* Begin XCBuildConfiguration section */
		E10E5212177257AE0025DBFD /* Debug */ = {
			isa = XCBuildConfiguration;
			buildSettings = {
				ALWAYS_SEARCH_USER_PATHS = NO;
				ARCHS = "$(ARCHS_STANDARD_64_BIT)";
				CLANG_CXX_LANGUAGE_STANDARD = "gnu++0x";
				CLANG_CXX_LIBRARY = "libc++";
				CLANG_WARN_CONSTANT_CONVERSION = YES;
				CLANG_WARN_EMPTY_BODY = YES;
				CLANG_WARN_ENUM_CONVERSION = YES;
				CLANG_WARN_INT_CONVERSION = YES;
				CLANG_WARN__DUPLICATE_METHOD_MATCH = YES;
				COPY_PHASE_STRIP = NO;
				GCC_C_LANGUAGE_STANDARD = gnu99;
				GCC_DYNAMIC_NO_PIC = NO;
				GCC_ENABLE_OBJC_EXCEPTIONS = YES;
				GCC_OPTIMIZATION_LEVEL = 0;
				GCC_PREPROCESSOR_DEFINITIONS = (
					"DEBUG=1",
					"$(inherited)",
				);
				GCC_SYMBOLS_PRIVATE_EXTERN = NO;
				GCC_WARN_64_TO_32_BIT_CONVERSION = YES;
				GCC_WARN_ABOUT_RETURN_TYPE = YES;
				GCC_WARN_UNINITIALIZED_AUTOS = YES;
				GCC_WARN_UNUSED_VARIABLE = YES;
				MACOSX_DEPLOYMENT_TARGET = 10.6;
				ONLY_ACTIVE_ARCH = YES;
				SDKROOT = macosx;
			};
			name = Debug;
		};
		E10E5213177257AE0025DBFD /* Release */ = {
			isa = XCBuildConfiguration;
			buildSettings = {
				ALWAYS_SEARCH_USER_PATHS = NO;
				ARCHS = "$(ARCHS_STANDARD_64_BIT)";
				CLANG_CXX_LANGUAGE_STANDARD = "gnu++0x";
				CLANG_CXX_LIBRARY = "libc++";
				CLANG_WARN_CONSTANT_CONVERSION = YES;
				CLANG_WARN_EMPTY_BODY = YES;
				CLANG_WARN_ENUM_CONVERSION = YES;
				CLANG_WARN_INT_CONVERSION = YES;
				CLANG_WARN__DUPLICATE_METHOD_MATCH = YES;
				COPY_PHASE_STRIP = YES;
				DEBUG_INFORMATION_FORMAT = "dwarf-with-dsym";
				GCC_C_LANGUAGE_STANDARD = gnu99;
				GCC_ENABLE_OBJC_EXCEPTIONS = YES;
				GCC_WARN_64_TO_32_BIT_CONVERSION = YES;
				GCC_WARN_ABOUT_RETURN_TYPE = YES;
				GCC_WARN_UNINITIALIZED_AUTOS = YES;
				GCC_WARN_UNUSED_VARIABLE = YES;
				MACOSX_DEPLOYMENT_TARGET = 10.6;
				SDKROOT = macosx;
			};
			name = Release;
		};
		E10E5215177257AE0025DBFD /* Debug */ = {
			isa = XCBuildConfiguration;
			buildSettings = {
				COMBINE_HIDPI_IMAGES = YES;
				FRAMEWORK_SEARCH_PATHS = (
					"$(inherited)",
					"\"$(SRCROOT)\"",
				);
				GCC_PRECOMPILE_PREFIX_HEADER = YES;
				GCC_PREFIX_HEADER = "ARD Inspector/Supporting Files/ARD Inspector-Prefix.pch";
				INFOPLIST_FILE = "ARD Inspector/Supporting Files/ARD Inspector-Info.plist";
				LIBRARY_SEARCH_PATHS = (
					"$(inherited)",
					"\"$(SDKROOT)/usr/lib/system\"",
				);
				MACOSX_DEPLOYMENT_TARGET = 10.6;
				PRODUCT_NAME = "$(TARGET_NAME)";
				WRAPPER_EXTENSION = app;
			};
			name = Debug;
		};
		E10E5216177257AE0025DBFD /* Release */ = {
			isa = XCBuildConfiguration;
			buildSettings = {
				COMBINE_HIDPI_IMAGES = YES;
				FRAMEWORK_SEARCH_PATHS = (
					"$(inherited)",
					"\"$(SRCROOT)\"",
				);
				GCC_PRECOMPILE_PREFIX_HEADER = YES;
				GCC_PREFIX_HEADER = "ARD Inspector/Supporting Files/ARD Inspector-Prefix.pch";
				INFOPLIST_FILE = "ARD Inspector/Supporting Files/ARD Inspector-Info.plist";
				LIBRARY_SEARCH_PATHS = (
					"$(inherited)",
					"\"$(SDKROOT)/usr/lib/system\"",
				);
				MACOSX_DEPLOYMENT_TARGET = 10.6;
				PRODUCT_NAME = "$(TARGET_NAME)";
				WRAPPER_EXTENSION = app;
			};
			name = Release;
		};
/* End XCBuildConfiguration section */

/* Begin XCConfigurationList section */
		E10E51F2177257AE0025DBFD /* Build configuration list for PBXProject "ARD Inspector" */ = {
			isa = XCConfigurationList;
			buildConfigurations = (
				E10E5212177257AE0025DBFD /* Debug */,
				E10E5213177257AE0025DBFD /* Release */,
			);
			defaultConfigurationIsVisible = 0;
			defaultConfigurationName = Release;
		};
		E10E5214177257AE0025DBFD /* Build configuration list for PBXNativeTarget "ARD Inspector" */ = {
			isa = XCConfigurationList;
			buildConfigurations = (
				E10E5215177257AE0025DBFD /* Debug */,
				E10E5216177257AE0025DBFD /* Release */,
			);
			defaultConfigurationIsVisible = 0;
			defaultConfigurationName = Release;
		};
/* End XCConfigurationList section */
	};
	rootObject = E10E51EF177257AE0025DBFD /* Project object */;
}
